
Microsoft Visual Studio Solution File, Format Version 12.00
# Visual Studio Version 17
VisualStudioVersion = 17.7.34009.444
MinimumVisualStudioVersion = 10.0.40219.1
Project("{FAE04EC0-301F-11D3-BF4B-00C04F79EFBC}") = "PARTE_5", "PARTE_5.csproj", "{0442C492-05EB-4B04-ADA3-035A106AF299}"
EndProject
Global
	GlobalSection(SolutionConfigurationPlatforms) = preSolution
		Debug|Any CPU = Debug|Any CPU
		Release|Any CPU = Release|Any CPU
	EndGlobalSection
	GlobalSection(ProjectConfigurationPlatforms) = postSolution
		{0442C492-05EB-4B04-ADA3-035A106AF299}.Debug|Any CPU.ActiveCfg = Debug|Any CPU
		{0442C492-05EB-4B04-ADA3-035A106AF299}.Debug|Any CPU.Build.0 = Debug|Any CPU
		{0442C492-05EB-4B04-ADA3-035A106AF299}.Release|Any CPU.ActiveCfg = Release|Any CPU
		{0442C492-05EB-4B04-ADA3-035A106AF299}.Release|Any CPU.Build.0 = Release|Any CPU
	EndGlobalSection
	GlobalSection(SolutionProperties) = preSolution
		HideSolutionNode = FALSE
	EndGlobalSection
	GlobalSection(ExtensibilityGlobals) = postSolution
		SolutionGuid = {D2795767-3FC4-4BE0-B224-11B0C9435C23}
	EndGlobalSection
EndGlobal
